
Microsoft Visual Studio Solution File, Format Version 12.00
# Visual Studio Version 16
VisualStudioVersion = 16.0.28803.202
MinimumVisualStudioVersion = 10.0.40219.1
Project("{FAE04EC0-301F-11D3-BF4B-00C04F79EFBC}") = "dcconsole", "dcconsole.csproj", "{BA213CB5-50A8-4263-99F2-1F150708ED25}"
EndProject
Global
	GlobalSection(SolutionConfigurationPlatforms) = preSolution
		Debug|x86 = Debug|x86
		Release|x86 = Release|x86
	EndGlobalSection
	GlobalSection(ProjectConfigurationPlatforms) = postSolution
		{BA213CB5-50A8-4263-99F2-1F150708ED25}.Debug|x86.ActiveCfg = Debug|x86
		{BA213CB5-50A8-4263-99F2-1F150708ED25}.Debug|x86.Build.0 = Debug|x86
		{BA213CB5-50A8-4263-99F2-1F150708ED25}.Release|x86.ActiveCfg = Release|x86
		{BA213CB5-50A8-4263-99F2-1F150708ED25}.Release|x86.Build.0 = Release|x86
	EndGlobalSection
	GlobalSection(SolutionProperties) = preSolution
		HideSolutionNode = FALSE
	EndGlobalSection
	GlobalSection(ExtensibilityGlobals) = postSolution
		SolutionGuid = {0B695F32-C881-4B26-8CAB-31423C70388A}
	EndGlobalSection
EndGlobal
